
Microsoft Visual Studio Solution File, Format Version 12.00
# Visual Studio Version 16
VisualStudioVersion = 16.0.32602.291
MinimumVisualStudioVersion = 10.0.40219.1
Project("{FAE04EC0-301F-11D3-BF4B-00C04F79EFBC}") = "notion_api_csharp", "notion_api_csharp\notion_api_csharp.csproj", "{8581EB34-296D-4169-8236-9F715E0A3E1B}"
EndProject
Global
	GlobalSection(SolutionConfigurationPlatforms) = preSolution
		Debug|Any CPU = Debug|Any CPU
		Release|Any CPU = Release|Any CPU
	EndGlobalSection
	GlobalSection(ProjectConfigurationPlatforms) = postSolution
		{8581EB34-296D-4169-8236-9F715E0A3E1B}.Debug|Any CPU.ActiveCfg = Debug|Any CPU
		{8581EB34-296D-4169-8236-9F715E0A3E1B}.Debug|Any CPU.Build.0 = Debug|Any CPU
		{8581EB34-296D-4169-8236-9F715E0A3E1B}.Release|Any CPU.ActiveCfg = Release|Any CPU
		{8581EB34-296D-4169-8236-9F715E0A3E1B}.Release|Any CPU.Build.0 = Release|Any CPU
	EndGlobalSection
	GlobalSection(SolutionProperties) = preSolution
		HideSolutionNode = FALSE
	EndGlobalSection
	GlobalSection(ExtensibilityGlobals) = postSolution
		SolutionGuid = {1977B2D4-EB54-4703-9E09-D71191B16DD0}
	EndGlobalSection
EndGlobal
